
Microsoft Visual Studio Solution File, Format Version 12.00
# Visual Studio Version 17
VisualStudioVersion = 17.10.35122.118
MinimumVisualStudioVersion = 10.0.40219.1
Project("{FAE04EC0-301F-11D3-BF4B-00C04F79EFBC}") = "DirtyCode", "DirtyCode\DirtyCode.csproj", "{DE553618-337E-40B6-BD0D-1BE82851CD6B}"
EndProject
Project("{FAE04EC0-301F-11D3-BF4B-00C04F79EFBC}") = "CleanCode", "CleanCode\CleanCode.csproj", "{F9C64437-F454-44C7-B231-F1024B6EE19A}"
EndProject
Project("{FAE04EC0-301F-11D3-BF4B-00C04F79EFBC}") = "CleanCode.Entities", "CleanCode.Entities\CleanCode.Entities.csproj", "{2F5C94C2-EF0F-4584-B0F3-8C88EDC0D6FA}"
EndProject
Project("{FAE04EC0-301F-11D3-BF4B-00C04F79EFBC}") = "CleanCode.Application", "CleanCode.Application\CleanCode.Application.csproj", "{D0E740D2-8318-4F6F-9249-4ED546C2ADAF}"
EndProject
Global
	GlobalSection(SolutionConfigurationPlatforms) = preSolution
		Debug|Any CPU = Debug|Any CPU
		Release|Any CPU = Release|Any CPU
	EndGlobalSection
	GlobalSection(ProjectConfigurationPlatforms) = postSolution
		{DE553618-337E-40B6-BD0D-1BE82851CD6B}.Debug|Any CPU.ActiveCfg = Debug|Any CPU
		{DE553618-337E-40B6-BD0D-1BE82851CD6B}.Debug|Any CPU.Build.0 = Debug|Any CPU
		{DE553618-337E-40B6-BD0D-1BE82851CD6B}.Release|Any CPU.ActiveCfg = Release|Any CPU
		{DE553618-337E-40B6-BD0D-1BE82851CD6B}.Release|Any CPU.Build.0 = Release|Any CPU
		{F9C64437-F454-44C7-B231-F1024B6EE19A}.Debug|Any CPU.ActiveCfg = Debug|Any CPU
		{F9C64437-F454-44C7-B231-F1024B6EE19A}.Debug|Any CPU.Build.0 = Debug|Any CPU
		{F9C64437-F454-44C7-B231-F1024B6EE19A}.Release|Any CPU.ActiveCfg = Release|Any CPU
		{F9C64437-F454-44C7-B231-F1024B6EE19A}.Release|Any CPU.Build.0 = Release|Any CPU
		{2F5C94C2-EF0F-4584-B0F3-8C88EDC0D6FA}.Debug|Any CPU.ActiveCfg = Debug|Any CPU
		{2F5C94C2-EF0F-4584-B0F3-8C88EDC0D6FA}.Debug|Any CPU.Build.0 = Debug|Any CPU
		{2F5C94C2-EF0F-4584-B0F3-8C88EDC0D6FA}.Release|Any CPU.ActiveCfg = Release|Any CPU
		{2F5C94C2-EF0F-4584-B0F3-8C88EDC0D6FA}.Release|Any CPU.Build.0 = Release|Any CPU
		{D0E740D2-8318-4F6F-9249-4ED546C2ADAF}.Debug|Any CPU.ActiveCfg = Debug|Any CPU
		{D0E740D2-8318-4F6F-9249-4ED546C2ADAF}.Debug|Any CPU.Build.0 = Debug|Any CPU
		{D0E740D2-8318-4F6F-9249-4ED546C2ADAF}.Release|Any CPU.ActiveCfg = Release|Any CPU
		{D0E740D2-8318-4F6F-9249-4ED546C2ADAF}.Release|Any CPU.Build.0 = Release|Any CPU
	EndGlobalSection
	GlobalSection(SolutionProperties) = preSolution
		HideSolutionNode = FALSE
	EndGlobalSection
	GlobalSection(ExtensibilityGlobals) = postSolution
		SolutionGuid = {5CD9C6DD-A6E8-44C3-B0DA-D0B0B8FFDB98}
	EndGlobalSection
EndGlobal
