
Microsoft Visual Studio Solution File, Format Version 12.00
# Visual Studio Version 17
VisualStudioVersion = 17.10.35122.118
MinimumVisualStudioVersion = 10.0.40219.1
Project("{FAE04EC0-301F-11D3-BF4B-00C04F79EFBC}") = "SRP", "SRP\SRP.csproj", "{D40FEF82-3140-403E-AC29-89B65B66896A}"
EndProject
Project("{FAE04EC0-301F-11D3-BF4B-00C04F79EFBC}") = "OCP", "OCP\OCP.csproj", "{3705648E-B4C5-442B-9BCF-A086B403BB8A}"
EndProject
Project("{FAE04EC0-301F-11D3-BF4B-00C04F79EFBC}") = "LSP", "LSP\LSP.csproj", "{14311642-1C45-470E-A310-36B9D94DF270}"
EndProject
Project("{FAE04EC0-301F-11D3-BF4B-00C04F79EFBC}") = "ISP", "ISP\ISP.csproj", "{91850247-68FB-4FAF-999B-4DC008D44124}"
EndProject
Project("{FAE04EC0-301F-11D3-BF4B-00C04F79EFBC}") = "DIP", "DIP\DIP.csproj", "{2547F612-D24D-4600-99F8-4E57B661DA93}"
EndProject
Global
	GlobalSection(SolutionConfigurationPlatforms) = preSolution
		Debug|Any CPU = Debug|Any CPU
		Release|Any CPU = Release|Any CPU
	EndGlobalSection
	GlobalSection(ProjectConfigurationPlatforms) = postSolution
		{D40FEF82-3140-403E-AC29-89B65B66896A}.Debug|Any CPU.ActiveCfg = Debug|Any CPU
		{D40FEF82-3140-403E-AC29-89B65B66896A}.Debug|Any CPU.Build.0 = Debug|Any CPU
		{D40FEF82-3140-403E-AC29-89B65B66896A}.Release|Any CPU.ActiveCfg = Release|Any CPU
		{D40FEF82-3140-403E-AC29-89B65B66896A}.Release|Any CPU.Build.0 = Release|Any CPU
		{3705648E-B4C5-442B-9BCF-A086B403BB8A}.Debug|Any CPU.ActiveCfg = Debug|Any CPU
		{3705648E-B4C5-442B-9BCF-A086B403BB8A}.Debug|Any CPU.Build.0 = Debug|Any CPU
		{3705648E-B4C5-442B-9BCF-A086B403BB8A}.Release|Any CPU.ActiveCfg = Release|Any CPU
		{3705648E-B4C5-442B-9BCF-A086B403BB8A}.Release|Any CPU.Build.0 = Release|Any CPU
		{14311642-1C45-470E-A310-36B9D94DF270}.Debug|Any CPU.ActiveCfg = Debug|Any CPU
		{14311642-1C45-470E-A310-36B9D94DF270}.Debug|Any CPU.Build.0 = Debug|Any CPU
		{14311642-1C45-470E-A310-36B9D94DF270}.Release|Any CPU.ActiveCfg = Release|Any CPU
		{14311642-1C45-470E-A310-36B9D94DF270}.Release|Any CPU.Build.0 = Release|Any CPU
		{91850247-68FB-4FAF-999B-4DC008D44124}.Debug|Any CPU.ActiveCfg = Debug|Any CPU
		{91850247-68FB-4FAF-999B-4DC008D44124}.Debug|Any CPU.Build.0 = Debug|Any CPU
		{91850247-68FB-4FAF-999B-4DC008D44124}.Release|Any CPU.ActiveCfg = Release|Any CPU
		{91850247-68FB-4FAF-999B-4DC008D44124}.Release|Any CPU.Build.0 = Release|Any CPU
		{2547F612-D24D-4600-99F8-4E57B661DA93}.Debug|Any CPU.ActiveCfg = Debug|Any CPU
		{2547F612-D24D-4600-99F8-4E57B661DA93}.Debug|Any CPU.Build.0 = Debug|Any CPU
		{2547F612-D24D-4600-99F8-4E57B661DA93}.Release|Any CPU.ActiveCfg = Release|Any CPU
		{2547F612-D24D-4600-99F8-4E57B661DA93}.Release|Any CPU.Build.0 = Release|Any CPU
	EndGlobalSection
	GlobalSection(SolutionProperties) = preSolution
		HideSolutionNode = FALSE
	EndGlobalSection
	GlobalSection(ExtensibilityGlobals) = postSolution
		SolutionGuid = {1AA87107-A2AC-4853-9D35-9F80E3848F30}
	EndGlobalSection
EndGlobal
